
Microsoft Visual Studio Solution File, Format Version 12.00
# Visual Studio Version 16
VisualStudioVersion = 16.0.31605.320
MinimumVisualStudioVersion = 10.0.40219.1
Project("{9A19103F-16F7-4668-BE54-9A1E7A4F7556}") = "CieloUmbler.MVC", "CieloUmbler\CieloUmbler.MVC.csproj", "{51D5E129-72C9-4920-BA21-D6EE864EEEFB}"
EndProject
Project("{FAE04EC0-301F-11D3-BF4B-00C04F79EFBC}") = "CieloUmbler.API", "CieloUmbler.API\CieloUmbler.API.csproj", "{6BE9DCB4-0CD1-477C-8719-3FFCDA981343}"
EndProject
Global
	GlobalSection(SolutionConfigurationPlatforms) = preSolution
		Debug|Any CPU = Debug|Any CPU
		Release|Any CPU = Release|Any CPU
	EndGlobalSection
	GlobalSection(ProjectConfigurationPlatforms) = postSolution
		{51D5E129-72C9-4920-BA21-D6EE864EEEFB}.Debug|Any CPU.ActiveCfg = Debug|Any CPU
		{51D5E129-72C9-4920-BA21-D6EE864EEEFB}.Debug|Any CPU.Build.0 = Debug|Any CPU
		{51D5E129-72C9-4920-BA21-D6EE864EEEFB}.Release|Any CPU.ActiveCfg = Release|Any CPU
		{51D5E129-72C9-4920-BA21-D6EE864EEEFB}.Release|Any CPU.Build.0 = Release|Any CPU
		{6BE9DCB4-0CD1-477C-8719-3FFCDA981343}.Debug|Any CPU.ActiveCfg = Debug|Any CPU
		{6BE9DCB4-0CD1-477C-8719-3FFCDA981343}.Debug|Any CPU.Build.0 = Debug|Any CPU
		{6BE9DCB4-0CD1-477C-8719-3FFCDA981343}.Release|Any CPU.ActiveCfg = Release|Any CPU
		{6BE9DCB4-0CD1-477C-8719-3FFCDA981343}.Release|Any CPU.Build.0 = Release|Any CPU
	EndGlobalSection
	GlobalSection(SolutionProperties) = preSolution
		HideSolutionNode = FALSE
	EndGlobalSection
	GlobalSection(ExtensibilityGlobals) = postSolution
		SolutionGuid = {6836FB4E-D69B-4D68-A68B-21A385DB5566}
	EndGlobalSection
EndGlobal
